
Microsoft Visual Studio Solution File, Format Version 12.00
# Visual Studio 15
VisualStudioVersion = 15.0.27428.2015
MinimumVisualStudioVersion = 10.0.40219.1
Project("{FAE04EC0-301F-11D3-BF4B-00C04F79EFBC}") = "MyMvcApp", "MyMvcApp\MyMvcApp.csproj", "{8B7FCB17-22BE-4770-A6E3-DBD3185DB201}"
EndProject
Global
	GlobalSection(SolutionConfigurationPlatforms) = preSolution
		Debug|Any CPU = Debug|Any CPU
		Release|Any CPU = Release|Any CPU
	EndGlobalSection
	GlobalSection(ProjectConfigurationPlatforms) = postSolution
		{8B7FCB17-22BE-4770-A6E3-DBD3185DB201}.Debug|Any CPU.ActiveCfg = Debug|Any CPU
		{8B7FCB17-22BE-4770-A6E3-DBD3185DB201}.Debug|Any CPU.Build.0 = Debug|Any CPU
		{8B7FCB17-22BE-4770-A6E3-DBD3185DB201}.Release|Any CPU.ActiveCfg = Release|Any CPU
		{8B7FCB17-22BE-4770-A6E3-DBD3185DB201}.Release|Any CPU.Build.0 = Release|Any CPU
	EndGlobalSection
	GlobalSection(SolutionProperties) = preSolution
		HideSolutionNode = FALSE
	EndGlobalSection
	GlobalSection(ExtensibilityGlobals) = postSolution
		SolutionGuid = {80F79D3D-5487-4034-8492-E1F5BDF3E1A1}
	EndGlobalSection
EndGlobal
